
Microsoft Visual Studio Solution File, Format Version 12.00
# Visual Studio Version 17
VisualStudioVersion = 17.1.32328.378
MinimumVisualStudioVersion = 10.0.40219.1
Project("{FAE04EC0-301F-11D3-BF4B-00C04F79EFBC}") = "Compare Names", "Compare Names\Compare Names.csproj", "{47BA58FF-3774-4BF3-94DC-C448B26E4A3E}"
EndProject
Project("{FAE04EC0-301F-11D3-BF4B-00C04F79EFBC}") = "For", "For\For.csproj", "{0FAE8511-4D27-4CD0-97C2-32E0345423C8}"
EndProject
Project("{FAE04EC0-301F-11D3-BF4B-00C04F79EFBC}") = "Compare Numbers", "Compare Numbers\Compare Numbers.csproj", "{76F13447-BE01-4F2E-BF34-B80C7985870D}"
EndProject
Project("{FAE04EC0-301F-11D3-BF4B-00C04F79EFBC}") = "Switch", "Switch\Switch.csproj", "{A6B1BDBD-BF39-40D0-BD56-F67C2C6FD64E}"
EndProject
Project("{FAE04EC0-301F-11D3-BF4B-00C04F79EFBC}") = "Grading System", "Grading System\Grading System.csproj", "{FF08E305-EA70-4A35-A132-F0FC345210E0}"
EndProject
Project("{FAE04EC0-301F-11D3-BF4B-00C04F79EFBC}") = "While", "While\While.csproj", "{9149B21B-E2CF-4ED4-8F97-E621AB21BDA5}"
EndProject
Project("{FAE04EC0-301F-11D3-BF4B-00C04F79EFBC}") = "Do-While", "Do-While\Do-While.csproj", "{EED8BD10-071F-47A7-8B88-BD741415412E}"
EndProject
Global
	GlobalSection(SolutionConfigurationPlatforms) = preSolution
		Debug|Any CPU = Debug|Any CPU
		Release|Any CPU = Release|Any CPU
	EndGlobalSection
	GlobalSection(ProjectConfigurationPlatforms) = postSolution
		{47BA58FF-3774-4BF3-94DC-C448B26E4A3E}.Debug|Any CPU.ActiveCfg = Debug|Any CPU
		{47BA58FF-3774-4BF3-94DC-C448B26E4A3E}.Debug|Any CPU.Build.0 = Debug|Any CPU
		{47BA58FF-3774-4BF3-94DC-C448B26E4A3E}.Release|Any CPU.ActiveCfg = Release|Any CPU
		{47BA58FF-3774-4BF3-94DC-C448B26E4A3E}.Release|Any CPU.Build.0 = Release|Any CPU
		{0FAE8511-4D27-4CD0-97C2-32E0345423C8}.Debug|Any CPU.ActiveCfg = Debug|Any CPU
		{0FAE8511-4D27-4CD0-97C2-32E0345423C8}.Debug|Any CPU.Build.0 = Debug|Any CPU
		{0FAE8511-4D27-4CD0-97C2-32E0345423C8}.Release|Any CPU.ActiveCfg = Release|Any CPU
		{0FAE8511-4D27-4CD0-97C2-32E0345423C8}.Release|Any CPU.Build.0 = Release|Any CPU
		{76F13447-BE01-4F2E-BF34-B80C7985870D}.Debug|Any CPU.ActiveCfg = Debug|Any CPU
		{76F13447-BE01-4F2E-BF34-B80C7985870D}.Debug|Any CPU.Build.0 = Debug|Any CPU
		{76F13447-BE01-4F2E-BF34-B80C7985870D}.Release|Any CPU.ActiveCfg = Release|Any CPU
		{76F13447-BE01-4F2E-BF34-B80C7985870D}.Release|Any CPU.Build.0 = Release|Any CPU
		{A6B1BDBD-BF39-40D0-BD56-F67C2C6FD64E}.Debug|Any CPU.ActiveCfg = Debug|Any CPU
		{A6B1BDBD-BF39-40D0-BD56-F67C2C6FD64E}.Debug|Any CPU.Build.0 = Debug|Any CPU
		{A6B1BDBD-BF39-40D0-BD56-F67C2C6FD64E}.Release|Any CPU.ActiveCfg = Release|Any CPU
		{A6B1BDBD-BF39-40D0-BD56-F67C2C6FD64E}.Release|Any CPU.Build.0 = Release|Any CPU
		{FF08E305-EA70-4A35-A132-F0FC345210E0}.Debug|Any CPU.ActiveCfg = Debug|Any CPU
		{FF08E305-EA70-4A35-A132-F0FC345210E0}.Debug|Any CPU.Build.0 = Debug|Any CPU
		{FF08E305-EA70-4A35-A132-F0FC345210E0}.Release|Any CPU.ActiveCfg = Release|Any CPU
		{FF08E305-EA70-4A35-A132-F0FC345210E0}.Release|Any CPU.Build.0 = Release|Any CPU
		{9149B21B-E2CF-4ED4-8F97-E621AB21BDA5}.Debug|Any CPU.ActiveCfg = Debug|Any CPU
		{9149B21B-E2CF-4ED4-8F97-E621AB21BDA5}.Debug|Any CPU.Build.0 = Debug|Any CPU
		{9149B21B-E2CF-4ED4-8F97-E621AB21BDA5}.Release|Any CPU.ActiveCfg = Release|Any CPU
		{9149B21B-E2CF-4ED4-8F97-E621AB21BDA5}.Release|Any CPU.Build.0 = Release|Any CPU
		{EED8BD10-071F-47A7-8B88-BD741415412E}.Debug|Any CPU.ActiveCfg = Debug|Any CPU
		{EED8BD10-071F-47A7-8B88-BD741415412E}.Debug|Any CPU.Build.0 = Debug|Any CPU
		{EED8BD10-071F-47A7-8B88-BD741415412E}.Release|Any CPU.ActiveCfg = Release|Any CPU
		{EED8BD10-071F-47A7-8B88-BD741415412E}.Release|Any CPU.Build.0 = Release|Any CPU
	EndGlobalSection
	GlobalSection(SolutionProperties) = preSolution
		HideSolutionNode = FALSE
	EndGlobalSection
	GlobalSection(ExtensibilityGlobals) = postSolution
		SolutionGuid = {7D7D840E-90CB-45EA-BEBD-395C11D0F1CC}
	EndGlobalSection
EndGlobal
