
Microsoft Visual Studio Solution File, Format Version 12.00
# Visual Studio Version 16
VisualStudioVersion = 16.0.32228.343
MinimumVisualStudioVersion = 10.0.40219.1
Project("{FAE04EC0-301F-11D3-BF4B-00C04F79EFBC}") = "Sample2_MyProfile", "Sample2_MyProfile\Sample2_MyProfile.csproj", "{D81C54CC-C1DA-4C05-AF9C-A7B184E534FF}"
EndProject
Global
	GlobalSection(SolutionConfigurationPlatforms) = preSolution
		Debug|Any CPU = Debug|Any CPU
		Release|Any CPU = Release|Any CPU
	EndGlobalSection
	GlobalSection(ProjectConfigurationPlatforms) = postSolution
		{D81C54CC-C1DA-4C05-AF9C-A7B184E534FF}.Debug|Any CPU.ActiveCfg = Debug|Any CPU
		{D81C54CC-C1DA-4C05-AF9C-A7B184E534FF}.Debug|Any CPU.Build.0 = Debug|Any CPU
		{D81C54CC-C1DA-4C05-AF9C-A7B184E534FF}.Release|Any CPU.ActiveCfg = Release|Any CPU
		{D81C54CC-C1DA-4C05-AF9C-A7B184E534FF}.Release|Any CPU.Build.0 = Release|Any CPU
	EndGlobalSection
	GlobalSection(SolutionProperties) = preSolution
		HideSolutionNode = FALSE
	EndGlobalSection
	GlobalSection(ExtensibilityGlobals) = postSolution
		SolutionGuid = {3684E235-1685-44C6-9B56-54AB3A8D4FBB}
	EndGlobalSection
EndGlobal
