
Microsoft Visual Studio Solution File, Format Version 12.00
# Visual Studio Version 16
VisualStudioVersion = 16.0.32228.343
MinimumVisualStudioVersion = 10.0.40219.1
Project("{FAE04EC0-301F-11D3-BF4B-00C04F79EFBC}") = "HelloWorld_Collera", "Activity2_Collera\HelloWorld_Collera.csproj", "{C92E5C81-8E5E-4495-8F7C-A1333C34E238}"
EndProject
Project("{FAE04EC0-301F-11D3-BF4B-00C04F79EFBC}") = "MyProfile_Collera", "MyProfile_Collera\MyProfile_Collera.csproj", "{AE4C5A70-FD28-4605-99F5-0ED2DC2CCDB9}"
EndProject
Project("{FAE04EC0-301F-11D3-BF4B-00C04F79EFBC}") = "InputMyName_Collera", "InputMyName_Collera\InputMyName_Collera.csproj", "{06B28C7F-931F-4213-9439-0089A449785E}"
EndProject
Global
	GlobalSection(SolutionConfigurationPlatforms) = preSolution
		Debug|Any CPU = Debug|Any CPU
		Release|Any CPU = Release|Any CPU
	EndGlobalSection
	GlobalSection(ProjectConfigurationPlatforms) = postSolution
		{C92E5C81-8E5E-4495-8F7C-A1333C34E238}.Debug|Any CPU.ActiveCfg = Debug|Any CPU
		{C92E5C81-8E5E-4495-8F7C-A1333C34E238}.Debug|Any CPU.Build.0 = Debug|Any CPU
		{C92E5C81-8E5E-4495-8F7C-A1333C34E238}.Release|Any CPU.ActiveCfg = Release|Any CPU
		{C92E5C81-8E5E-4495-8F7C-A1333C34E238}.Release|Any CPU.Build.0 = Release|Any CPU
		{AE4C5A70-FD28-4605-99F5-0ED2DC2CCDB9}.Debug|Any CPU.ActiveCfg = Debug|Any CPU
		{AE4C5A70-FD28-4605-99F5-0ED2DC2CCDB9}.Debug|Any CPU.Build.0 = Debug|Any CPU
		{AE4C5A70-FD28-4605-99F5-0ED2DC2CCDB9}.Release|Any CPU.ActiveCfg = Release|Any CPU
		{AE4C5A70-FD28-4605-99F5-0ED2DC2CCDB9}.Release|Any CPU.Build.0 = Release|Any CPU
		{06B28C7F-931F-4213-9439-0089A449785E}.Debug|Any CPU.ActiveCfg = Debug|Any CPU
		{06B28C7F-931F-4213-9439-0089A449785E}.Debug|Any CPU.Build.0 = Debug|Any CPU
		{06B28C7F-931F-4213-9439-0089A449785E}.Release|Any CPU.ActiveCfg = Release|Any CPU
		{06B28C7F-931F-4213-9439-0089A449785E}.Release|Any CPU.Build.0 = Release|Any CPU
	EndGlobalSection
	GlobalSection(SolutionProperties) = preSolution
		HideSolutionNode = FALSE
	EndGlobalSection
	GlobalSection(ExtensibilityGlobals) = postSolution
		SolutionGuid = {62C63515-6713-4498-9F90-6E9A51BE4FC0}
	EndGlobalSection
EndGlobal
