
Microsoft Visual Studio Solution File, Format Version 12.00
# Visual Studio Version 17
VisualStudioVersion = 17.1.32319.34
MinimumVisualStudioVersion = 10.0.40219.1
Project("{9A19103F-16F7-4668-BE54-9A1E7A4F7556}") = "HelloWorld_Simbol", "..\Sample1_HelloWorld\Sample1_HelloWorld\HelloWorld_Simbol.csproj", "{B0C08F20-7EBD-43F6-AA17-5BE280D383AB}"
EndProject
Project("{9A19103F-16F7-4668-BE54-9A1E7A4F7556}") = "MyProfile_Simbol", "..\Sample2_MyProfile\Sample2_MyProfile\MyProfile_Simbol.csproj", "{28B8F797-FB98-46EF-AF72-D374AA1CEB86}"
EndProject
Project("{9A19103F-16F7-4668-BE54-9A1E7A4F7556}") = "InputMyName_Simbol", "..\Sample3_InputMyName\Sample3_InputMyName\InputMyName_Simbol.csproj", "{D723A103-5285-4F01-8A8C-3DC0EF2B20E5}"
EndProject
Project("{FAE04EC0-301F-11D3-BF4B-00C04F79EFBC}") = "ComputeTheSum_Simbol", "ComputeTheSum_Simbol\ComputeTheSum_Simbol.csproj", "{954F7D72-DEFA-4792-8177-457691A9C1A3}"
EndProject
Project("{FAE04EC0-301F-11D3-BF4B-00C04F79EFBC}") = "BasicOperations_Simbol", "BasicOperations_Simbol\BasicOperations_Simbol.csproj", "{4CF3C465-291E-4520-8A12-8485BE875760}"
EndProject
Project("{FAE04EC0-301F-11D3-BF4B-00C04F79EFBC}") = "ComputeAverage_Simbol", "ComputeAverage_Simbol\ComputeAverage_Simbol.csproj", "{6C4C9E29-6BCF-4B62-99EA-0422A52C741D}"
EndProject
Project("{FAE04EC0-301F-11D3-BF4B-00C04F79EFBC}") = "DeclaringConstants_Simbol", "DeclaringConstants_Simbol\DeclaringConstants_Simbol.csproj", "{C2738B46-217D-40AD-8238-DC86F62714B6}"
EndProject
Project("{FAE04EC0-301F-11D3-BF4B-00C04F79EFBC}") = "IfElse1_Simbol", "IfElse1_Simbol\IfElse1_Simbol.csproj", "{4926005D-E46A-4FF7-9A4D-82AC0A453A4F}"
EndProject
Project("{FAE04EC0-301F-11D3-BF4B-00C04F79EFBC}") = "IfElse2_Simbol", "IfElse2_Simbol\IfElse2_Simbol.csproj", "{C801FAFD-5C43-4E67-B88D-5F9C1FD205DD}"
EndProject
Global
	GlobalSection(SolutionConfigurationPlatforms) = preSolution
		Debug|Any CPU = Debug|Any CPU
		Release|Any CPU = Release|Any CPU
	EndGlobalSection
	GlobalSection(ProjectConfigurationPlatforms) = postSolution
		{B0C08F20-7EBD-43F6-AA17-5BE280D383AB}.Debug|Any CPU.ActiveCfg = Debug|Any CPU
		{B0C08F20-7EBD-43F6-AA17-5BE280D383AB}.Debug|Any CPU.Build.0 = Debug|Any CPU
		{B0C08F20-7EBD-43F6-AA17-5BE280D383AB}.Release|Any CPU.ActiveCfg = Release|Any CPU
		{B0C08F20-7EBD-43F6-AA17-5BE280D383AB}.Release|Any CPU.Build.0 = Release|Any CPU
		{28B8F797-FB98-46EF-AF72-D374AA1CEB86}.Debug|Any CPU.ActiveCfg = Debug|Any CPU
		{28B8F797-FB98-46EF-AF72-D374AA1CEB86}.Debug|Any CPU.Build.0 = Debug|Any CPU
		{28B8F797-FB98-46EF-AF72-D374AA1CEB86}.Release|Any CPU.ActiveCfg = Release|Any CPU
		{28B8F797-FB98-46EF-AF72-D374AA1CEB86}.Release|Any CPU.Build.0 = Release|Any CPU
		{D723A103-5285-4F01-8A8C-3DC0EF2B20E5}.Debug|Any CPU.ActiveCfg = Debug|Any CPU
		{D723A103-5285-4F01-8A8C-3DC0EF2B20E5}.Debug|Any CPU.Build.0 = Debug|Any CPU
		{D723A103-5285-4F01-8A8C-3DC0EF2B20E5}.Release|Any CPU.ActiveCfg = Release|Any CPU
		{D723A103-5285-4F01-8A8C-3DC0EF2B20E5}.Release|Any CPU.Build.0 = Release|Any CPU
		{954F7D72-DEFA-4792-8177-457691A9C1A3}.Debug|Any CPU.ActiveCfg = Debug|Any CPU
		{954F7D72-DEFA-4792-8177-457691A9C1A3}.Debug|Any CPU.Build.0 = Debug|Any CPU
		{954F7D72-DEFA-4792-8177-457691A9C1A3}.Release|Any CPU.ActiveCfg = Release|Any CPU
		{954F7D72-DEFA-4792-8177-457691A9C1A3}.Release|Any CPU.Build.0 = Release|Any CPU
		{4CF3C465-291E-4520-8A12-8485BE875760}.Debug|Any CPU.ActiveCfg = Debug|Any CPU
		{4CF3C465-291E-4520-8A12-8485BE875760}.Debug|Any CPU.Build.0 = Debug|Any CPU
		{4CF3C465-291E-4520-8A12-8485BE875760}.Release|Any CPU.ActiveCfg = Release|Any CPU
		{4CF3C465-291E-4520-8A12-8485BE875760}.Release|Any CPU.Build.0 = Release|Any CPU
		{6C4C9E29-6BCF-4B62-99EA-0422A52C741D}.Debug|Any CPU.ActiveCfg = Debug|Any CPU
		{6C4C9E29-6BCF-4B62-99EA-0422A52C741D}.Debug|Any CPU.Build.0 = Debug|Any CPU
		{6C4C9E29-6BCF-4B62-99EA-0422A52C741D}.Release|Any CPU.ActiveCfg = Release|Any CPU
		{6C4C9E29-6BCF-4B62-99EA-0422A52C741D}.Release|Any CPU.Build.0 = Release|Any CPU
		{C2738B46-217D-40AD-8238-DC86F62714B6}.Debug|Any CPU.ActiveCfg = Debug|Any CPU
		{C2738B46-217D-40AD-8238-DC86F62714B6}.Debug|Any CPU.Build.0 = Debug|Any CPU
		{C2738B46-217D-40AD-8238-DC86F62714B6}.Release|Any CPU.ActiveCfg = Release|Any CPU
		{C2738B46-217D-40AD-8238-DC86F62714B6}.Release|Any CPU.Build.0 = Release|Any CPU
		{4926005D-E46A-4FF7-9A4D-82AC0A453A4F}.Debug|Any CPU.ActiveCfg = Debug|Any CPU
		{4926005D-E46A-4FF7-9A4D-82AC0A453A4F}.Debug|Any CPU.Build.0 = Debug|Any CPU
		{4926005D-E46A-4FF7-9A4D-82AC0A453A4F}.Release|Any CPU.ActiveCfg = Release|Any CPU
		{4926005D-E46A-4FF7-9A4D-82AC0A453A4F}.Release|Any CPU.Build.0 = Release|Any CPU
		{C801FAFD-5C43-4E67-B88D-5F9C1FD205DD}.Debug|Any CPU.ActiveCfg = Debug|Any CPU
		{C801FAFD-5C43-4E67-B88D-5F9C1FD205DD}.Debug|Any CPU.Build.0 = Debug|Any CPU
		{C801FAFD-5C43-4E67-B88D-5F9C1FD205DD}.Release|Any CPU.ActiveCfg = Release|Any CPU
		{C801FAFD-5C43-4E67-B88D-5F9C1FD205DD}.Release|Any CPU.Build.0 = Release|Any CPU
	EndGlobalSection
	GlobalSection(SolutionProperties) = preSolution
		HideSolutionNode = FALSE
	EndGlobalSection
	GlobalSection(ExtensibilityGlobals) = postSolution
		SolutionGuid = {AE598000-642E-4D37-8F5C-1669867D438C}
	EndGlobalSection
EndGlobal
