
Microsoft Visual Studio Solution File, Format Version 12.00
# Visual Studio Version 17
VisualStudioVersion = 17.1.32319.34
MinimumVisualStudioVersion = 10.0.40219.1
Project("{FAE04EC0-301F-11D3-BF4B-00C04F79EFBC}") = "Sample1_HelloWorld", "Sample1_HelloWorld.csproj", "{661B1F4B-79A5-400A-8E2E-9EC8F26261C6}"
EndProject
Project("{FAE04EC0-301F-11D3-BF4B-00C04F79EFBC}") = "Sample2_MyProfile", "..\Sample2_MyProfile\Sample2_MyProfile.csproj", "{CECE5190-551F-4DE7-8250-B2F364AB5092}"
EndProject
Project("{FAE04EC0-301F-11D3-BF4B-00C04F79EFBC}") = "Sample3_InputMyName", "..\Sample3_InputMyName\Sample3_InputMyName.csproj", "{6D156D90-3F2E-4E08-846F-1E55FBB48AC5}"
EndProject
Global
	GlobalSection(SolutionConfigurationPlatforms) = preSolution
		Debug|Any CPU = Debug|Any CPU
		Release|Any CPU = Release|Any CPU
	EndGlobalSection
	GlobalSection(ProjectConfigurationPlatforms) = postSolution
		{661B1F4B-79A5-400A-8E2E-9EC8F26261C6}.Debug|Any CPU.ActiveCfg = Debug|Any CPU
		{661B1F4B-79A5-400A-8E2E-9EC8F26261C6}.Debug|Any CPU.Build.0 = Debug|Any CPU
		{661B1F4B-79A5-400A-8E2E-9EC8F26261C6}.Release|Any CPU.ActiveCfg = Release|Any CPU
		{661B1F4B-79A5-400A-8E2E-9EC8F26261C6}.Release|Any CPU.Build.0 = Release|Any CPU
		{CECE5190-551F-4DE7-8250-B2F364AB5092}.Debug|Any CPU.ActiveCfg = Debug|Any CPU
		{CECE5190-551F-4DE7-8250-B2F364AB5092}.Debug|Any CPU.Build.0 = Debug|Any CPU
		{CECE5190-551F-4DE7-8250-B2F364AB5092}.Release|Any CPU.ActiveCfg = Release|Any CPU
		{CECE5190-551F-4DE7-8250-B2F364AB5092}.Release|Any CPU.Build.0 = Release|Any CPU
		{6D156D90-3F2E-4E08-846F-1E55FBB48AC5}.Debug|Any CPU.ActiveCfg = Debug|Any CPU
		{6D156D90-3F2E-4E08-846F-1E55FBB48AC5}.Debug|Any CPU.Build.0 = Debug|Any CPU
		{6D156D90-3F2E-4E08-846F-1E55FBB48AC5}.Release|Any CPU.ActiveCfg = Release|Any CPU
		{6D156D90-3F2E-4E08-846F-1E55FBB48AC5}.Release|Any CPU.Build.0 = Release|Any CPU
	EndGlobalSection
	GlobalSection(SolutionProperties) = preSolution
		HideSolutionNode = FALSE
	EndGlobalSection
	GlobalSection(ExtensibilityGlobals) = postSolution
		SolutionGuid = {5C931E4D-7CA2-4973-BD0C-8923F587FCD3}
	EndGlobalSection
EndGlobal
